
Microsoft Visual Studio Solution File, Format Version 12.00
# Visual Studio Version 17
VisualStudioVersion = 17.4.33213.308
MinimumVisualStudioVersion = 10.0.40219.1
Project("{FAE04EC0-301F-11D3-BF4B-00C04F79EFBC}") = "SchoolWeb.API", "SchoolWeb.API.csproj", "{AA10D4F9-EF10-4713-AA18-147E3684B652}"
EndProject
Global
	GlobalSection(SolutionConfigurationPlatforms) = preSolution
		Debug|Any CPU = Debug|Any CPU
		Release|Any CPU = Release|Any CPU
	EndGlobalSection
	GlobalSection(ProjectConfigurationPlatforms) = postSolution
		{AA10D4F9-EF10-4713-AA18-147E3684B652}.Debug|Any CPU.ActiveCfg = Debug|Any CPU
		{AA10D4F9-EF10-4713-AA18-147E3684B652}.Debug|Any CPU.Build.0 = Debug|Any CPU
		{AA10D4F9-EF10-4713-AA18-147E3684B652}.Release|Any CPU.ActiveCfg = Release|Any CPU
		{AA10D4F9-EF10-4713-AA18-147E3684B652}.Release|Any CPU.Build.0 = Release|Any CPU
	EndGlobalSection
	GlobalSection(SolutionProperties) = preSolution
		HideSolutionNode = FALSE
	EndGlobalSection
	GlobalSection(ExtensibilityGlobals) = postSolution
		SolutionGuid = {971699F2-2788-4B26-A4EA-496CFB0BAECE}
	EndGlobalSection
EndGlobal
